
Microsoft Visual Studio Solution File, Format Version 12.00
# Visual Studio Version 17
VisualStudioVersion = 17.0.31903.59
MinimumVisualStudioVersion = 10.0.40219.1
Project("{FAE04EC0-301F-11D3-BF4B-00C04F79EFBC}") = "{{cookiecutter.Namespace}}.{{cookiecutter.ProjectName}}Plugin", "{{cookiecutter.Namespace}}.{{cookiecutter.ProjectName}}Plugin\{{cookiecutter.Namespace}}.{{cookiecutter.ProjectName}}Plugin.csproj", "{0664E546-5771-4D54-B311-198D6E751158}"
EndProject
Project("{FAE04EC0-301F-11D3-BF4B-00C04F79EFBC}") = "{{cookiecutter.Namespace}}.{{cookiecutter.ProjectName}}Plugin.UnitTests", "{{cookiecutter.Namespace}}.{{cookiecutter.ProjectName}}Plugin.UnitTests\{{cookiecutter.Namespace}}.{{cookiecutter.ProjectName}}Plugin.UnitTests.csproj", "{E1F52865-2A36-44AE-AE90-BBA7052491C9}"
EndProject
Global
	GlobalSection(SolutionConfigurationPlatforms) = preSolution
		Debug|Any CPU = Debug|Any CPU
		Release|Any CPU = Release|Any CPU
	EndGlobalSection
	GlobalSection(SolutionProperties) = preSolution
		HideSolutionNode = FALSE
	EndGlobalSection
	GlobalSection(ProjectConfigurationPlatforms) = postSolution
		{0664E546-5771-4D54-B311-198D6E751158}.Debug|Any CPU.ActiveCfg = Debug|Any CPU
		{0664E546-5771-4D54-B311-198D6E751158}.Debug|Any CPU.Build.0 = Debug|Any CPU
		{0664E546-5771-4D54-B311-198D6E751158}.Release|Any CPU.ActiveCfg = Release|Any CPU
		{0664E546-5771-4D54-B311-198D6E751158}.Release|Any CPU.Build.0 = Release|Any CPU
		{E1F52865-2A36-44AE-AE90-BBA7052491C9}.Debug|Any CPU.ActiveCfg = Debug|Any CPU
		{E1F52865-2A36-44AE-AE90-BBA7052491C9}.Debug|Any CPU.Build.0 = Debug|Any CPU
		{E1F52865-2A36-44AE-AE90-BBA7052491C9}.Release|Any CPU.ActiveCfg = Release|Any CPU
		{E1F52865-2A36-44AE-AE90-BBA7052491C9}.Release|Any CPU.Build.0 = Release|Any CPU
	EndGlobalSection
EndGlobal
